
Microsoft Visual Studio Solution File, Format Version 12.00
# Visual Studio Version 16
VisualStudioVersion = 16.0.32126.315
MinimumVisualStudioVersion = 10.0.40219.1
Project("{FAE04EC0-301F-11D3-BF4B-00C04F79EFBC}") = "TokaWeb.API", "TokaWeb.API\TokaWeb.API.csproj", "{E08B164D-8DFC-4E59-A13E-619BC8D86E94}"
EndProject
Global
	GlobalSection(SolutionConfigurationPlatforms) = preSolution
		Debug|Any CPU = Debug|Any CPU
		Release|Any CPU = Release|Any CPU
	EndGlobalSection
	GlobalSection(ProjectConfigurationPlatforms) = postSolution
		{E08B164D-8DFC-4E59-A13E-619BC8D86E94}.Debug|Any CPU.ActiveCfg = Debug|Any CPU
		{E08B164D-8DFC-4E59-A13E-619BC8D86E94}.Debug|Any CPU.Build.0 = Debug|Any CPU
		{E08B164D-8DFC-4E59-A13E-619BC8D86E94}.Release|Any CPU.ActiveCfg = Release|Any CPU
		{E08B164D-8DFC-4E59-A13E-619BC8D86E94}.Release|Any CPU.Build.0 = Release|Any CPU
	EndGlobalSection
	GlobalSection(SolutionProperties) = preSolution
		HideSolutionNode = FALSE
	EndGlobalSection
	GlobalSection(ExtensibilityGlobals) = postSolution
		SolutionGuid = {A30C2F5E-A279-4341-BBC7-D44EFBB29043}
	EndGlobalSection
EndGlobal
